
Microsoft Visual Studio Solution File, Format Version 12.00
# Visual Studio Version 17
VisualStudioVersion = 17.9.34607.119
MinimumVisualStudioVersion = 10.0.40219.1
Project("{FAE04EC0-301F-11D3-BF4B-00C04F79EFBC}") = "Laba_6", "Laba_6\Laba_6.csproj", "{06A92F0C-A7D3-41F9-A657-6E085C56E491}"
EndProject
Global
	GlobalSection(SolutionConfigurationPlatforms) = preSolution
		Debug|Any CPU = Debug|Any CPU
		Release|Any CPU = Release|Any CPU
	EndGlobalSection
	GlobalSection(ProjectConfigurationPlatforms) = postSolution
		{06A92F0C-A7D3-41F9-A657-6E085C56E491}.Debug|Any CPU.ActiveCfg = Debug|Any CPU
		{06A92F0C-A7D3-41F9-A657-6E085C56E491}.Debug|Any CPU.Build.0 = Debug|Any CPU
		{06A92F0C-A7D3-41F9-A657-6E085C56E491}.Release|Any CPU.ActiveCfg = Release|Any CPU
		{06A92F0C-A7D3-41F9-A657-6E085C56E491}.Release|Any CPU.Build.0 = Release|Any CPU
	EndGlobalSection
	GlobalSection(SolutionProperties) = preSolution
		HideSolutionNode = FALSE
	EndGlobalSection
	GlobalSection(ExtensibilityGlobals) = postSolution
		SolutionGuid = {6F2B20DF-3660-47D3-A520-6668AF98DC09}
	EndGlobalSection
EndGlobal
